
Microsoft Visual Studio Solution File, Format Version 12.00
# Visual Studio 14
VisualStudioVersion = 14.0.23107.0
MinimumVisualStudioVersion = 10.0.40219.1
Project("{FAE04EC0-301F-11D3-BF4B-00C04F79EFBC}") = "DbFuncionarios", "DbFuncionarios\DbFuncionarios.csproj", "{6141BDFA-7222-4ED6-9214-71836C3398C3}"
EndProject
Project("{FAE04EC0-301F-11D3-BF4B-00C04F79EFBC}") = "BaseDeDadosTeste", "BaseDeDadosTeste\BaseDeDadosTeste.csproj", "{9B89FEAA-1F80-4B75-AAF3-A519B80CAB6E}"
EndProject
Global
	GlobalSection(SolutionConfigurationPlatforms) = preSolution
		Debug|Any CPU = Debug|Any CPU
		Release|Any CPU = Release|Any CPU
	EndGlobalSection
	GlobalSection(ProjectConfigurationPlatforms) = postSolution
		{6141BDFA-7222-4ED6-9214-71836C3398C3}.Debug|Any CPU.ActiveCfg = Debug|Any CPU
		{6141BDFA-7222-4ED6-9214-71836C3398C3}.Debug|Any CPU.Build.0 = Debug|Any CPU
		{6141BDFA-7222-4ED6-9214-71836C3398C3}.Release|Any CPU.ActiveCfg = Release|Any CPU
		{6141BDFA-7222-4ED6-9214-71836C3398C3}.Release|Any CPU.Build.0 = Release|Any CPU
		{9B89FEAA-1F80-4B75-AAF3-A519B80CAB6E}.Debug|Any CPU.ActiveCfg = Debug|Any CPU
		{9B89FEAA-1F80-4B75-AAF3-A519B80CAB6E}.Debug|Any CPU.Build.0 = Debug|Any CPU
		{9B89FEAA-1F80-4B75-AAF3-A519B80CAB6E}.Release|Any CPU.ActiveCfg = Release|Any CPU
		{9B89FEAA-1F80-4B75-AAF3-A519B80CAB6E}.Release|Any CPU.Build.0 = Release|Any CPU
	EndGlobalSection
	GlobalSection(SolutionProperties) = preSolution
		HideSolutionNode = FALSE
	EndGlobalSection
EndGlobal
