
Microsoft Visual Studio Solution File, Format Version 12.00
# Visual Studio 14
VisualStudioVersion = 14.0.23107.0
MinimumVisualStudioVersion = 10.0.40219.1
Project("{FAE04EC0-301F-11D3-BF4B-00C04F79EFBC}") = "Locadora.UI", "Locadora.UI\Locadora.UI.csproj", "{9348F1AF-A9C4-44CC-9F04-26AE9617C14E}"
EndProject
Project("{FAE04EC0-301F-11D3-BF4B-00C04F79EFBC}") = "Locadora.Dominio", "Locadora.Dominio\Locadora.Dominio.csproj", "{1E9742A8-583F-4F04-B0B7-725D4F41C8A4}"
EndProject
Project("{FAE04EC0-301F-11D3-BF4B-00C04F79EFBC}") = "Locadora.UI.Web", "Locadora.UI.Web\Locadora.UI.Web.csproj", "{91DF31B4-6636-4B49-9F54-7FF6D746D7D2}"
EndProject
Global
	GlobalSection(SolutionConfigurationPlatforms) = preSolution
		Debug|Any CPU = Debug|Any CPU
		Release|Any CPU = Release|Any CPU
	EndGlobalSection
	GlobalSection(ProjectConfigurationPlatforms) = postSolution
		{9348F1AF-A9C4-44CC-9F04-26AE9617C14E}.Debug|Any CPU.ActiveCfg = Debug|Any CPU
		{9348F1AF-A9C4-44CC-9F04-26AE9617C14E}.Debug|Any CPU.Build.0 = Debug|Any CPU
		{9348F1AF-A9C4-44CC-9F04-26AE9617C14E}.Release|Any CPU.ActiveCfg = Release|Any CPU
		{9348F1AF-A9C4-44CC-9F04-26AE9617C14E}.Release|Any CPU.Build.0 = Release|Any CPU
		{1E9742A8-583F-4F04-B0B7-725D4F41C8A4}.Debug|Any CPU.ActiveCfg = Debug|Any CPU
		{1E9742A8-583F-4F04-B0B7-725D4F41C8A4}.Debug|Any CPU.Build.0 = Debug|Any CPU
		{1E9742A8-583F-4F04-B0B7-725D4F41C8A4}.Release|Any CPU.ActiveCfg = Release|Any CPU
		{1E9742A8-583F-4F04-B0B7-725D4F41C8A4}.Release|Any CPU.Build.0 = Release|Any CPU
		{91DF31B4-6636-4B49-9F54-7FF6D746D7D2}.Debug|Any CPU.ActiveCfg = Debug|Any CPU
		{91DF31B4-6636-4B49-9F54-7FF6D746D7D2}.Debug|Any CPU.Build.0 = Debug|Any CPU
		{91DF31B4-6636-4B49-9F54-7FF6D746D7D2}.Release|Any CPU.ActiveCfg = Release|Any CPU
		{91DF31B4-6636-4B49-9F54-7FF6D746D7D2}.Release|Any CPU.Build.0 = Release|Any CPU
	EndGlobalSection
	GlobalSection(SolutionProperties) = preSolution
		HideSolutionNode = FALSE
	EndGlobalSection
EndGlobal
